
Microsoft Visual Studio Solution File, Format Version 12.00
# Visual Studio 15
VisualStudioVersion = 15.0.28307.1082
MinimumVisualStudioVersion = 10.0.40219.1
Project("{FAE04EC0-301F-11D3-BF4B-00C04F79EFBC}") = "OneMinute.Android", "OneMinute\OneMinute.Android\OneMinute.Android.csproj", "{98D31707-9658-4C01-A8A4-AE71ACA46C1E}"
EndProject
Project("{FAE04EC0-301F-11D3-BF4B-00C04F79EFBC}") = "OneMinute.iOS", "OneMinute\OneMinute.iOS\OneMinute.iOS.csproj", "{86956B99-99E4-4D88-B8F3-815F944B4085}"
EndProject
Project("{FAE04EC0-301F-11D3-BF4B-00C04F79EFBC}") = "OneMinute.UWP", "OneMinute\OneMinute.UWP\OneMinute.UWP.csproj", "{8B6AB402-7DA3-4D08-82A7-FE55DF703E50}"
EndProject
Project("{FAE04EC0-301F-11D3-BF4B-00C04F79EFBC}") = "OneMinute", "OneMinute\OneMinute\OneMinute.csproj", "{E91DD191-F97B-4808-AE25-0D785CB6B8A9}"
EndProject
Global
	GlobalSection(SolutionConfigurationPlatforms) = preSolution
		Ad-Hoc|Any CPU = Ad-Hoc|Any CPU
		Ad-Hoc|ARM = Ad-Hoc|ARM
		Ad-Hoc|iPhone = Ad-Hoc|iPhone
		Ad-Hoc|iPhoneSimulator = Ad-Hoc|iPhoneSimulator
		Ad-Hoc|x64 = Ad-Hoc|x64
		Ad-Hoc|x86 = Ad-Hoc|x86
		AppStore|Any CPU = AppStore|Any CPU
		AppStore|ARM = AppStore|ARM
		AppStore|iPhone = AppStore|iPhone
		AppStore|iPhoneSimulator = AppStore|iPhoneSimulator
		AppStore|x64 = AppStore|x64
		AppStore|x86 = AppStore|x86
		Debug|Any CPU = Debug|Any CPU
		Debug|ARM = Debug|ARM
		Debug|iPhone = Debug|iPhone
		Debug|iPhoneSimulator = Debug|iPhoneSimulator
		Debug|x64 = Debug|x64
		Debug|x86 = Debug|x86
		Release|Any CPU = Release|Any CPU
		Release|ARM = Release|ARM
		Release|iPhone = Release|iPhone
		Release|iPhoneSimulator = Release|iPhoneSimulator
		Release|x64 = Release|x64
		Release|x86 = Release|x86
	EndGlobalSection
	GlobalSection(ProjectConfigurationPlatforms) = postSolution
		{98D31707-9658-4C01-A8A4-AE71ACA46C1E}.Ad-Hoc|Any CPU.ActiveCfg = Release|Any CPU
		{98D31707-9658-4C01-A8A4-AE71ACA46C1E}.Ad-Hoc|Any CPU.Build.0 = Release|Any CPU
		{98D31707-9658-4C01-A8A4-AE71ACA46C1E}.Ad-Hoc|Any CPU.Deploy.0 = Release|Any CPU
		{98D31707-9658-4C01-A8A4-AE71ACA46C1E}.Ad-Hoc|ARM.ActiveCfg = Release|Any CPU
		{98D31707-9658-4C01-A8A4-AE71ACA46C1E}.Ad-Hoc|ARM.Build.0 = Release|Any CPU
		{98D31707-9658-4C01-A8A4-AE71ACA46C1E}.Ad-Hoc|ARM.Deploy.0 = Release|Any CPU
		{98D31707-9658-4C01-A8A4-AE71ACA46C1E}.Ad-Hoc|iPhone.ActiveCfg = Release|Any CPU
		{98D31707-9658-4C01-A8A4-AE71ACA46C1E}.Ad-Hoc|iPhone.Build.0 = Release|Any CPU
		{98D31707-9658-4C01-A8A4-AE71ACA46C1E}.Ad-Hoc|iPhone.Deploy.0 = Release|Any CPU
		{98D31707-9658-4C01-A8A4-AE71ACA46C1E}.Ad-Hoc|iPhoneSimulator.ActiveCfg = Release|Any CPU
		{98D31707-9658-4C01-A8A4-AE71ACA46C1E}.Ad-Hoc|iPhoneSimulator.Build.0 = Release|Any CPU
		{98D31707-9658-4C01-A8A4-AE71ACA46C1E}.Ad-Hoc|iPhoneSimulator.Deploy.0 = Release|Any CPU
		{98D31707-9658-4C01-A8A4-AE71ACA46C1E}.Ad-Hoc|x64.ActiveCfg = Release|Any CPU
		{98D31707-9658-4C01-A8A4-AE71ACA46C1E}.Ad-Hoc|x64.Build.0 = Release|Any CPU
		{98D31707-9658-4C01-A8A4-AE71ACA46C1E}.Ad-Hoc|x64.Deploy.0 = Release|Any CPU
		{98D31707-9658-4C01-A8A4-AE71ACA46C1E}.Ad-Hoc|x86.ActiveCfg = Release|Any CPU
		{98D31707-9658-4C01-A8A4-AE71ACA46C1E}.Ad-Hoc|x86.Build.0 = Release|Any CPU
		{98D31707-9658-4C01-A8A4-AE71ACA46C1E}.Ad-Hoc|x86.Deploy.0 = Release|Any CPU
		{98D31707-9658-4C01-A8A4-AE71ACA46C1E}.AppStore|Any CPU.ActiveCfg = Release|Any CPU
		{98D31707-9658-4C01-A8A4-AE71ACA46C1E}.AppStore|Any CPU.Build.0 = Release|Any CPU
		{98D31707-9658-4C01-A8A4-AE71ACA46C1E}.AppStore|Any CPU.Deploy.0 = Release|Any CPU
		{98D31707-9658-4C01-A8A4-AE71ACA46C1E}.AppStore|ARM.ActiveCfg = Release|Any CPU
		{98D31707-9658-4C01-A8A4-AE71ACA46C1E}.AppStore|ARM.Build.0 = Release|Any CPU
		{98D31707-9658-4C01-A8A4-AE71ACA46C1E}.AppStore|ARM.Deploy.0 = Release|Any CPU
		{98D31707-9658-4C01-A8A4-AE71ACA46C1E}.AppStore|iPhone.ActiveCfg = Release|Any CPU
		{98D31707-9658-4C01-A8A4-AE71ACA46C1E}.AppStore|iPhone.Build.0 = Release|Any CPU
		{98D31707-9658-4C01-A8A4-AE71ACA46C1E}.AppStore|iPhone.Deploy.0 = Release|Any CPU
		{98D31707-9658-4C01-A8A4-AE71ACA46C1E}.AppStore|iPhoneSimulator.ActiveCfg = Release|Any CPU
		{98D31707-9658-4C01-A8A4-AE71ACA46C1E}.AppStore|iPhoneSimulator.Build.0 = Release|Any CPU
		{98D31707-9658-4C01-A8A4-AE71ACA46C1E}.AppStore|iPhoneSimulator.Deploy.0 = Release|Any CPU
		{98D31707-9658-4C01-A8A4-AE71ACA46C1E}.AppStore|x64.ActiveCfg = Release|Any CPU
		{98D31707-9658-4C01-A8A4-AE71ACA46C1E}.AppStore|x64.Build.0 = Release|Any CPU
		{98D31707-9658-4C01-A8A4-AE71ACA46C1E}.AppStore|x64.Deploy.0 = Release|Any CPU
		{98D31707-9658-4C01-A8A4-AE71ACA46C1E}.AppStore|x86.ActiveCfg = Release|Any CPU
		{98D31707-9658-4C01-A8A4-AE71ACA46C1E}.AppStore|x86.Build.0 = Release|Any CPU
		{98D31707-9658-4C01-A8A4-AE71ACA46C1E}.AppStore|x86.Deploy.0 = Release|Any CPU
		{98D31707-9658-4C01-A8A4-AE71ACA46C1E}.Debug|Any CPU.ActiveCfg = Debug|Any CPU
		{98D31707-9658-4C01-A8A4-AE71ACA46C1E}.Debug|Any CPU.Build.0 = Debug|Any CPU
		{98D31707-9658-4C01-A8A4-AE71ACA46C1E}.Debug|Any CPU.Deploy.0 = Debug|Any CPU
		{98D31707-9658-4C01-A8A4-AE71ACA46C1E}.Debug|ARM.ActiveCfg = Debug|Any CPU
		{98D31707-9658-4C01-A8A4-AE71ACA46C1E}.Debug|ARM.Build.0 = Debug|Any CPU
		{98D31707-9658-4C01-A8A4-AE71ACA46C1E}.Debug|ARM.Deploy.0 = Debug|Any CPU
		{98D31707-9658-4C01-A8A4-AE71ACA46C1E}.Debug|iPhone.ActiveCfg = Debug|Any CPU
		{98D31707-9658-4C01-A8A4-AE71ACA46C1E}.Debug|iPhone.Build.0 = Debug|Any CPU
		{98D31707-9658-4C01-A8A4-AE71ACA46C1E}.Debug|iPhone.Deploy.0 = Debug|Any CPU
		{98D31707-9658-4C01-A8A4-AE71ACA46C1E}.Debug|iPhoneSimulator.ActiveCfg = Debug|Any CPU
		{98D31707-9658-4C01-A8A4-AE71ACA46C1E}.Debug|iPhoneSimulator.Build.0 = Debug|Any CPU
		{98D31707-9658-4C01-A8A4-AE71ACA46C1E}.Debug|iPhoneSimulator.Deploy.0 = Debug|Any CPU
		{98D31707-9658-4C01-A8A4-AE71ACA46C1E}.Debug|x64.ActiveCfg = Debug|Any CPU
		{98D31707-9658-4C01-A8A4-AE71ACA46C1E}.Debug|x64.Build.0 = Debug|Any CPU
		{98D31707-9658-4C01-A8A4-AE71ACA46C1E}.Debug|x64.Deploy.0 = Debug|Any CPU
		{98D31707-9658-4C01-A8A4-AE71ACA46C1E}.Debug|x86.ActiveCfg = Debug|Any CPU
		{98D31707-9658-4C01-A8A4-AE71ACA46C1E}.Debug|x86.Build.0 = Debug|Any CPU
		{98D31707-9658-4C01-A8A4-AE71ACA46C1E}.Debug|x86.Deploy.0 = Debug|Any CPU
		{98D31707-9658-4C01-A8A4-AE71ACA46C1E}.Release|Any CPU.ActiveCfg = Release|Any CPU
		{98D31707-9658-4C01-A8A4-AE71ACA46C1E}.Release|Any CPU.Build.0 = Release|Any CPU
		{98D31707-9658-4C01-A8A4-AE71ACA46C1E}.Release|Any CPU.Deploy.0 = Release|Any CPU
		{98D31707-9658-4C01-A8A4-AE71ACA46C1E}.Release|ARM.ActiveCfg = Release|Any CPU
		{98D31707-9658-4C01-A8A4-AE71ACA46C1E}.Release|ARM.Build.0 = Release|Any CPU
		{98D31707-9658-4C01-A8A4-AE71ACA46C1E}.Release|ARM.Deploy.0 = Release|Any CPU
		{98D31707-9658-4C01-A8A4-AE71ACA46C1E}.Release|iPhone.ActiveCfg = Release|Any CPU
		{98D31707-9658-4C01-A8A4-AE71ACA46C1E}.Release|iPhone.Build.0 = Release|Any CPU
		{98D31707-9658-4C01-A8A4-AE71ACA46C1E}.Release|iPhone.Deploy.0 = Release|Any CPU
		{98D31707-9658-4C01-A8A4-AE71ACA46C1E}.Release|iPhoneSimulator.ActiveCfg = Release|Any CPU
		{98D31707-9658-4C01-A8A4-AE71ACA46C1E}.Release|iPhoneSimulator.Build.0 = Release|Any CPU
		{98D31707-9658-4C01-A8A4-AE71ACA46C1E}.Release|iPhoneSimulator.Deploy.0 = Release|Any CPU
		{98D31707-9658-4C01-A8A4-AE71ACA46C1E}.Release|x64.ActiveCfg = Release|Any CPU
		{98D31707-9658-4C01-A8A4-AE71ACA46C1E}.Release|x64.Build.0 = Release|Any CPU
		{98D31707-9658-4C01-A8A4-AE71ACA46C1E}.Release|x64.Deploy.0 = Release|Any CPU
		{98D31707-9658-4C01-A8A4-AE71ACA46C1E}.Release|x86.ActiveCfg = Release|Any CPU
		{98D31707-9658-4C01-A8A4-AE71ACA46C1E}.Release|x86.Build.0 = Release|Any CPU
		{98D31707-9658-4C01-A8A4-AE71ACA46C1E}.Release|x86.Deploy.0 = Release|Any CPU
		{86956B99-99E4-4D88-B8F3-815F944B4085}.Ad-Hoc|Any CPU.ActiveCfg = Ad-Hoc|iPhone
		{86956B99-99E4-4D88-B8F3-815F944B4085}.Ad-Hoc|Any CPU.Build.0 = Ad-Hoc|iPhone
		{86956B99-99E4-4D88-B8F3-815F944B4085}.Ad-Hoc|Any CPU.Deploy.0 = Ad-Hoc|iPhone
		{86956B99-99E4-4D88-B8F3-815F944B4085}.Ad-Hoc|ARM.ActiveCfg = Ad-Hoc|iPhone
		{86956B99-99E4-4D88-B8F3-815F944B4085}.Ad-Hoc|ARM.Build.0 = Ad-Hoc|iPhone
		{86956B99-99E4-4D88-B8F3-815F944B4085}.Ad-Hoc|ARM.Deploy.0 = Ad-Hoc|iPhone
		{86956B99-99E4-4D88-B8F3-815F944B4085}.Ad-Hoc|iPhone.ActiveCfg = Ad-Hoc|iPhone
		{86956B99-99E4-4D88-B8F3-815F944B4085}.Ad-Hoc|iPhone.Build.0 = Ad-Hoc|iPhone
		{86956B99-99E4-4D88-B8F3-815F944B4085}.Ad-Hoc|iPhone.Deploy.0 = Ad-Hoc|iPhone
		{86956B99-99E4-4D88-B8F3-815F944B4085}.Ad-Hoc|iPhoneSimulator.ActiveCfg = Ad-Hoc|iPhoneSimulator
		{86956B99-99E4-4D88-B8F3-815F944B4085}.Ad-Hoc|iPhoneSimulator.Build.0 = Ad-Hoc|iPhoneSimulator
		{86956B99-99E4-4D88-B8F3-815F944B4085}.Ad-Hoc|iPhoneSimulator.Deploy.0 = Ad-Hoc|iPhoneSimulator
		{86956B99-99E4-4D88-B8F3-815F944B4085}.Ad-Hoc|x64.ActiveCfg = Ad-Hoc|iPhone
		{86956B99-99E4-4D88-B8F3-815F944B4085}.Ad-Hoc|x64.Build.0 = Ad-Hoc|iPhone
		{86956B99-99E4-4D88-B8F3-815F944B4085}.Ad-Hoc|x64.Deploy.0 = Ad-Hoc|iPhone
		{86956B99-99E4-4D88-B8F3-815F944B4085}.Ad-Hoc|x86.ActiveCfg = Ad-Hoc|iPhone
		{86956B99-99E4-4D88-B8F3-815F944B4085}.Ad-Hoc|x86.Build.0 = Ad-Hoc|iPhone
		{86956B99-99E4-4D88-B8F3-815F944B4085}.Ad-Hoc|x86.Deploy.0 = Ad-Hoc|iPhone
		{86956B99-99E4-4D88-B8F3-815F944B4085}.AppStore|Any CPU.ActiveCfg = AppStore|iPhone
		{86956B99-99E4-4D88-B8F3-815F944B4085}.AppStore|Any CPU.Build.0 = AppStore|iPhone
		{86956B99-99E4-4D88-B8F3-815F944B4085}.AppStore|Any CPU.Deploy.0 = AppStore|iPhone
		{86956B99-99E4-4D88-B8F3-815F944B4085}.AppStore|ARM.ActiveCfg = AppStore|iPhone
		{86956B99-99E4-4D88-B8F3-815F944B4085}.AppStore|ARM.Build.0 = AppStore|iPhone
		{86956B99-99E4-4D88-B8F3-815F944B4085}.AppStore|ARM.Deploy.0 = AppStore|iPhone
		{86956B99-99E4-4D88-B8F3-815F944B4085}.AppStore|iPhone.ActiveCfg = AppStore|iPhone
		{86956B99-99E4-4D88-B8F3-815F944B4085}.AppStore|iPhone.Build.0 = AppStore|iPhone
		{86956B99-99E4-4D88-B8F3-815F944B4085}.AppStore|iPhone.Deploy.0 = AppStore|iPhone
		{86956B99-99E4-4D88-B8F3-815F944B4085}.AppStore|iPhoneSimulator.ActiveCfg = AppStore|iPhoneSimulator
		{86956B99-99E4-4D88-B8F3-815F944B4085}.AppStore|iPhoneSimulator.Build.0 = AppStore|iPhoneSimulator
		{86956B99-99E4-4D88-B8F3-815F944B4085}.AppStore|iPhoneSimulator.Deploy.0 = AppStore|iPhoneSimulator
		{86956B99-99E4-4D88-B8F3-815F944B4085}.AppStore|x64.ActiveCfg = AppStore|iPhone
		{86956B99-99E4-4D88-B8F3-815F944B4085}.AppStore|x64.Build.0 = AppStore|iPhone
		{86956B99-99E4-4D88-B8F3-815F944B4085}.AppStore|x64.Deploy.0 = AppStore|iPhone
		{86956B99-99E4-4D88-B8F3-815F944B4085}.AppStore|x86.ActiveCfg = AppStore|iPhone
		{86956B99-99E4-4D88-B8F3-815F944B4085}.AppStore|x86.Build.0 = AppStore|iPhone
		{86956B99-99E4-4D88-B8F3-815F944B4085}.AppStore|x86.Deploy.0 = AppStore|iPhone
		{86956B99-99E4-4D88-B8F3-815F944B4085}.Debug|Any CPU.ActiveCfg = Debug|iPhoneSimulator
		{86956B99-99E4-4D88-B8F3-815F944B4085}.Debug|Any CPU.Build.0 = Debug|iPhoneSimulator
		{86956B99-99E4-4D88-B8F3-815F944B4085}.Debug|Any CPU.Deploy.0 = Debug|iPhoneSimulator
		{86956B99-99E4-4D88-B8F3-815F944B4085}.Debug|ARM.ActiveCfg = Debug|iPhone
		{86956B99-99E4-4D88-B8F3-815F944B4085}.Debug|ARM.Build.0 = Debug|iPhone
		{86956B99-99E4-4D88-B8F3-815F944B4085}.Debug|ARM.Deploy.0 = Debug|iPhone
		{86956B99-99E4-4D88-B8F3-815F944B4085}.Debug|iPhone.ActiveCfg = Debug|iPhone
		{86956B99-99E4-4D88-B8F3-815F944B4085}.Debug|iPhone.Build.0 = Debug|iPhone
		{86956B99-99E4-4D88-B8F3-815F944B4085}.Debug|iPhone.Deploy.0 = Debug|iPhone
		{86956B99-99E4-4D88-B8F3-815F944B4085}.Debug|iPhoneSimulator.ActiveCfg = Debug|iPhoneSimulator
		{86956B99-99E4-4D88-B8F3-815F944B4085}.Debug|iPhoneSimulator.Build.0 = Debug|iPhoneSimulator
		{86956B99-99E4-4D88-B8F3-815F944B4085}.Debug|iPhoneSimulator.Deploy.0 = Debug|iPhoneSimulator
		{86956B99-99E4-4D88-B8F3-815F944B4085}.Debug|x64.ActiveCfg = Debug|iPhone
		{86956B99-99E4-4D88-B8F3-815F944B4085}.Debug|x64.Build.0 = Debug|iPhone
		{86956B99-99E4-4D88-B8F3-815F944B4085}.Debug|x64.Deploy.0 = Debug|iPhone
		{86956B99-99E4-4D88-B8F3-815F944B4085}.Debug|x86.ActiveCfg = Debug|iPhone
		{86956B99-99E4-4D88-B8F3-815F944B4085}.Debug|x86.Build.0 = Debug|iPhone
		{86956B99-99E4-4D88-B8F3-815F944B4085}.Debug|x86.Deploy.0 = Debug|iPhone
		{86956B99-99E4-4D88-B8F3-815F944B4085}.Release|Any CPU.ActiveCfg = Release|iPhone
		{86956B99-99E4-4D88-B8F3-815F944B4085}.Release|Any CPU.Build.0 = Release|iPhone
		{86956B99-99E4-4D88-B8F3-815F944B4085}.Release|Any CPU.Deploy.0 = Release|iPhone
		{86956B99-99E4-4D88-B8F3-815F944B4085}.Release|ARM.ActiveCfg = Release|iPhone
		{86956B99-99E4-4D88-B8F3-815F944B4085}.Release|ARM.Build.0 = Release|iPhone
		{86956B99-99E4-4D88-B8F3-815F944B4085}.Release|ARM.Deploy.0 = Release|iPhone
		{86956B99-99E4-4D88-B8F3-815F944B4085}.Release|iPhone.ActiveCfg = Release|iPhone
		{86956B99-99E4-4D88-B8F3-815F944B4085}.Release|iPhone.Build.0 = Release|iPhone
		{86956B99-99E4-4D88-B8F3-815F944B4085}.Release|iPhone.Deploy.0 = Release|iPhone
		{86956B99-99E4-4D88-B8F3-815F944B4085}.Release|iPhoneSimulator.ActiveCfg = Release|iPhoneSimulator
		{86956B99-99E4-4D88-B8F3-815F944B4085}.Release|iPhoneSimulator.Build.0 = Release|iPhoneSimulator
		{86956B99-99E4-4D88-B8F3-815F944B4085}.Release|iPhoneSimulator.Deploy.0 = Release|iPhoneSimulator
		{86956B99-99E4-4D88-B8F3-815F944B4085}.Release|x64.ActiveCfg = Release|iPhone
		{86956B99-99E4-4D88-B8F3-815F944B4085}.Release|x64.Build.0 = Release|iPhone
		{86956B99-99E4-4D88-B8F3-815F944B4085}.Release|x64.Deploy.0 = Release|iPhone
		{86956B99-99E4-4D88-B8F3-815F944B4085}.Release|x86.ActiveCfg = Release|iPhone
		{86956B99-99E4-4D88-B8F3-815F944B4085}.Release|x86.Build.0 = Release|iPhone
		{86956B99-99E4-4D88-B8F3-815F944B4085}.Release|x86.Deploy.0 = Release|iPhone
		{8B6AB402-7DA3-4D08-82A7-FE55DF703E50}.Ad-Hoc|Any CPU.ActiveCfg = Release|x86
		{8B6AB402-7DA3-4D08-82A7-FE55DF703E50}.Ad-Hoc|Any CPU.Build.0 = Release|x86
		{8B6AB402-7DA3-4D08-82A7-FE55DF703E50}.Ad-Hoc|Any CPU.Deploy.0 = Release|x86
		{8B6AB402-7DA3-4D08-82A7-FE55DF703E50}.Ad-Hoc|ARM.ActiveCfg = Release|ARM
		{8B6AB402-7DA3-4D08-82A7-FE55DF703E50}.Ad-Hoc|ARM.Build.0 = Release|ARM
		{8B6AB402-7DA3-4D08-82A7-FE55DF703E50}.Ad-Hoc|ARM.Deploy.0 = Release|ARM
		{8B6AB402-7DA3-4D08-82A7-FE55DF703E50}.Ad-Hoc|iPhone.ActiveCfg = Release|x86
		{8B6AB402-7DA3-4D08-82A7-FE55DF703E50}.Ad-Hoc|iPhone.Build.0 = Release|x86
		{8B6AB402-7DA3-4D08-82A7-FE55DF703E50}.Ad-Hoc|iPhone.Deploy.0 = Release|x86
		{8B6AB402-7DA3-4D08-82A7-FE55DF703E50}.Ad-Hoc|iPhoneSimulator.ActiveCfg = Release|x86
		{8B6AB402-7DA3-4D08-82A7-FE55DF703E50}.Ad-Hoc|iPhoneSimulator.Build.0 = Release|x86
		{8B6AB402-7DA3-4D08-82A7-FE55DF703E50}.Ad-Hoc|iPhoneSimulator.Deploy.0 = Release|x86
		{8B6AB402-7DA3-4D08-82A7-FE55DF703E50}.Ad-Hoc|x64.ActiveCfg = Release|x64
		{8B6AB402-7DA3-4D08-82A7-FE55DF703E50}.Ad-Hoc|x64.Build.0 = Release|x64
		{8B6AB402-7DA3-4D08-82A7-FE55DF703E50}.Ad-Hoc|x64.Deploy.0 = Release|x64
		{8B6AB402-7DA3-4D08-82A7-FE55DF703E50}.Ad-Hoc|x86.ActiveCfg = Release|x86
		{8B6AB402-7DA3-4D08-82A7-FE55DF703E50}.Ad-Hoc|x86.Build.0 = Release|x86
		{8B6AB402-7DA3-4D08-82A7-FE55DF703E50}.Ad-Hoc|x86.Deploy.0 = Release|x86
		{8B6AB402-7DA3-4D08-82A7-FE55DF703E50}.AppStore|Any CPU.ActiveCfg = Release|x86
		{8B6AB402-7DA3-4D08-82A7-FE55DF703E50}.AppStore|Any CPU.Build.0 = Release|x86
		{8B6AB402-7DA3-4D08-82A7-FE55DF703E50}.AppStore|Any CPU.Deploy.0 = Release|x86
		{8B6AB402-7DA3-4D08-82A7-FE55DF703E50}.AppStore|ARM.ActiveCfg = Release|ARM
		{8B6AB402-7DA3-4D08-82A7-FE55DF703E50}.AppStore|ARM.Build.0 = Release|ARM
		{8B6AB402-7DA3-4D08-82A7-FE55DF703E50}.AppStore|ARM.Deploy.0 = Release|ARM
		{8B6AB402-7DA3-4D08-82A7-FE55DF703E50}.AppStore|iPhone.ActiveCfg = Release|x86
		{8B6AB402-7DA3-4D08-82A7-FE55DF703E50}.AppStore|iPhone.Build.0 = Release|x86
		{8B6AB402-7DA3-4D08-82A7-FE55DF703E50}.AppStore|iPhone.Deploy.0 = Release|x86
		{8B6AB402-7DA3-4D08-82A7-FE55DF703E50}.AppStore|iPhoneSimulator.ActiveCfg = Release|x86
		{8B6AB402-7DA3-4D08-82A7-FE55DF703E50}.AppStore|iPhoneSimulator.Build.0 = Release|x86
		{8B6AB402-7DA3-4D08-82A7-FE55DF703E50}.AppStore|iPhoneSimulator.Deploy.0 = Release|x86
		{8B6AB402-7DA3-4D08-82A7-FE55DF703E50}.AppStore|x64.ActiveCfg = Release|x64
		{8B6AB402-7DA3-4D08-82A7-FE55DF703E50}.AppStore|x64.Build.0 = Release|x64
		{8B6AB402-7DA3-4D08-82A7-FE55DF703E50}.AppStore|x64.Deploy.0 = Release|x64
		{8B6AB402-7DA3-4D08-82A7-FE55DF703E50}.AppStore|x86.ActiveCfg = Release|x86
		{8B6AB402-7DA3-4D08-82A7-FE55DF703E50}.AppStore|x86.Build.0 = Release|x86
		{8B6AB402-7DA3-4D08-82A7-FE55DF703E50}.AppStore|x86.Deploy.0 = Release|x86
		{8B6AB402-7DA3-4D08-82A7-FE55DF703E50}.Debug|Any CPU.ActiveCfg = Debug|x86
		{8B6AB402-7DA3-4D08-82A7-FE55DF703E50}.Debug|Any CPU.Build.0 = Debug|x86
		{8B6AB402-7DA3-4D08-82A7-FE55DF703E50}.Debug|Any CPU.Deploy.0 = Debug|x86
		{8B6AB402-7DA3-4D08-82A7-FE55DF703E50}.Debug|ARM.ActiveCfg = Debug|ARM
		{8B6AB402-7DA3-4D08-82A7-FE55DF703E50}.Debug|ARM.Build.0 = Debug|ARM
		{8B6AB402-7DA3-4D08-82A7-FE55DF703E50}.Debug|ARM.Deploy.0 = Debug|ARM
		{8B6AB402-7DA3-4D08-82A7-FE55DF703E50}.Debug|iPhone.ActiveCfg = Debug|x86
		{8B6AB402-7DA3-4D08-82A7-FE55DF703E50}.Debug|iPhone.Build.0 = Debug|x86
		{8B6AB402-7DA3-4D08-82A7-FE55DF703E50}.Debug|iPhone.Deploy.0 = Debug|x86
		{8B6AB402-7DA3-4D08-82A7-FE55DF703E50}.Debug|iPhoneSimulator.ActiveCfg = Debug|x86
		{8B6AB402-7DA3-4D08-82A7-FE55DF703E50}.Debug|iPhoneSimulator.Build.0 = Debug|x86
		{8B6AB402-7DA3-4D08-82A7-FE55DF703E50}.Debug|iPhoneSimulator.Deploy.0 = Debug|x86
		{8B6AB402-7DA3-4D08-82A7-FE55DF703E50}.Debug|x64.ActiveCfg = Debug|x64
		{8B6AB402-7DA3-4D08-82A7-FE55DF703E50}.Debug|x64.Build.0 = Debug|x64
		{8B6AB402-7DA3-4D08-82A7-FE55DF703E50}.Debug|x64.Deploy.0 = Debug|x64
		{8B6AB402-7DA3-4D08-82A7-FE55DF703E50}.Debug|x86.ActiveCfg = Debug|x86
		{8B6AB402-7DA3-4D08-82A7-FE55DF703E50}.Debug|x86.Build.0 = Debug|x86
		{8B6AB402-7DA3-4D08-82A7-FE55DF703E50}.Debug|x86.Deploy.0 = Debug|x86
		{8B6AB402-7DA3-4D08-82A7-FE55DF703E50}.Release|Any CPU.ActiveCfg = Release|x86
		{8B6AB402-7DA3-4D08-82A7-FE55DF703E50}.Release|Any CPU.Build.0 = Release|x86
		{8B6AB402-7DA3-4D08-82A7-FE55DF703E50}.Release|Any CPU.Deploy.0 = Release|x86
		{8B6AB402-7DA3-4D08-82A7-FE55DF703E50}.Release|ARM.ActiveCfg = Release|ARM
		{8B6AB402-7DA3-4D08-82A7-FE55DF703E50}.Release|ARM.Build.0 = Release|ARM
		{8B6AB402-7DA3-4D08-82A7-FE55DF703E50}.Release|ARM.Deploy.0 = Release|ARM
		{8B6AB402-7DA3-4D08-82A7-FE55DF703E50}.Release|iPhone.ActiveCfg = Release|x86
		{8B6AB402-7DA3-4D08-82A7-FE55DF703E50}.Release|iPhone.Build.0 = Release|x86
		{8B6AB402-7DA3-4D08-82A7-FE55DF703E50}.Release|iPhone.Deploy.0 = Release|x86
		{8B6AB402-7DA3-4D08-82A7-FE55DF703E50}.Release|iPhoneSimulator.ActiveCfg = Release|x86
		{8B6AB402-7DA3-4D08-82A7-FE55DF703E50}.Release|iPhoneSimulator.Build.0 = Release|x86
		{8B6AB402-7DA3-4D08-82A7-FE55DF703E50}.Release|iPhoneSimulator.Deploy.0 = Release|x86
		{8B6AB402-7DA3-4D08-82A7-FE55DF703E50}.Release|x64.ActiveCfg = Release|x64
		{8B6AB402-7DA3-4D08-82A7-FE55DF703E50}.Release|x64.Build.0 = Release|x64
		{8B6AB402-7DA3-4D08-82A7-FE55DF703E50}.Release|x64.Deploy.0 = Release|x64
		{8B6AB402-7DA3-4D08-82A7-FE55DF703E50}.Release|x86.ActiveCfg = Release|x86
		{8B6AB402-7DA3-4D08-82A7-FE55DF703E50}.Release|x86.Build.0 = Release|x86
		{8B6AB402-7DA3-4D08-82A7-FE55DF703E50}.Release|x86.Deploy.0 = Release|x86
		{E91DD191-F97B-4808-AE25-0D785CB6B8A9}.Ad-Hoc|Any CPU.ActiveCfg = Debug|Any CPU
		{E91DD191-F97B-4808-AE25-0D785CB6B8A9}.Ad-Hoc|Any CPU.Build.0 = Debug|Any CPU
		{E91DD191-F97B-4808-AE25-0D785CB6B8A9}.Ad-Hoc|Any CPU.Deploy.0 = Debug|Any CPU
		{E91DD191-F97B-4808-AE25-0D785CB6B8A9}.Ad-Hoc|ARM.ActiveCfg = Debug|Any CPU
		{E91DD191-F97B-4808-AE25-0D785CB6B8A9}.Ad-Hoc|ARM.Build.0 = Debug|Any CPU
		{E91DD191-F97B-4808-AE25-0D785CB6B8A9}.Ad-Hoc|ARM.Deploy.0 = Debug|Any CPU
		{E91DD191-F97B-4808-AE25-0D785CB6B8A9}.Ad-Hoc|iPhone.ActiveCfg = Debug|Any CPU
		{E91DD191-F97B-4808-AE25-0D785CB6B8A9}.Ad-Hoc|iPhone.Build.0 = Debug|Any CPU
		{E91DD191-F97B-4808-AE25-0D785CB6B8A9}.Ad-Hoc|iPhone.Deploy.0 = Debug|Any CPU
		{E91DD191-F97B-4808-AE25-0D785CB6B8A9}.Ad-Hoc|iPhoneSimulator.ActiveCfg = Debug|Any CPU
		{E91DD191-F97B-4808-AE25-0D785CB6B8A9}.Ad-Hoc|iPhoneSimulator.Build.0 = Debug|Any CPU
		{E91DD191-F97B-4808-AE25-0D785CB6B8A9}.Ad-Hoc|iPhoneSimulator.Deploy.0 = Debug|Any CPU
		{E91DD191-F97B-4808-AE25-0D785CB6B8A9}.Ad-Hoc|x64.ActiveCfg = Debug|Any CPU
		{E91DD191-F97B-4808-AE25-0D785CB6B8A9}.Ad-Hoc|x64.Build.0 = Debug|Any CPU
		{E91DD191-F97B-4808-AE25-0D785CB6B8A9}.Ad-Hoc|x64.Deploy.0 = Debug|Any CPU
		{E91DD191-F97B-4808-AE25-0D785CB6B8A9}.Ad-Hoc|x86.ActiveCfg = Debug|Any CPU
		{E91DD191-F97B-4808-AE25-0D785CB6B8A9}.Ad-Hoc|x86.Build.0 = Debug|Any CPU
		{E91DD191-F97B-4808-AE25-0D785CB6B8A9}.Ad-Hoc|x86.Deploy.0 = Debug|Any CPU
		{E91DD191-F97B-4808-AE25-0D785CB6B8A9}.AppStore|Any CPU.ActiveCfg = Debug|Any CPU
		{E91DD191-F97B-4808-AE25-0D785CB6B8A9}.AppStore|Any CPU.Build.0 = Debug|Any CPU
		{E91DD191-F97B-4808-AE25-0D785CB6B8A9}.AppStore|Any CPU.Deploy.0 = Debug|Any CPU
		{E91DD191-F97B-4808-AE25-0D785CB6B8A9}.AppStore|ARM.ActiveCfg = Debug|Any CPU
		{E91DD191-F97B-4808-AE25-0D785CB6B8A9}.AppStore|ARM.Build.0 = Debug|Any CPU
		{E91DD191-F97B-4808-AE25-0D785CB6B8A9}.AppStore|ARM.Deploy.0 = Debug|Any CPU
		{E91DD191-F97B-4808-AE25-0D785CB6B8A9}.AppStore|iPhone.ActiveCfg = Debug|Any CPU
		{E91DD191-F97B-4808-AE25-0D785CB6B8A9}.AppStore|iPhone.Build.0 = Debug|Any CPU
		{E91DD191-F97B-4808-AE25-0D785CB6B8A9}.AppStore|iPhone.Deploy.0 = Debug|Any CPU
		{E91DD191-F97B-4808-AE25-0D785CB6B8A9}.AppStore|iPhoneSimulator.ActiveCfg = Debug|Any CPU
		{E91DD191-F97B-4808-AE25-0D785CB6B8A9}.AppStore|iPhoneSimulator.Build.0 = Debug|Any CPU
		{E91DD191-F97B-4808-AE25-0D785CB6B8A9}.AppStore|iPhoneSimulator.Deploy.0 = Debug|Any CPU
		{E91DD191-F97B-4808-AE25-0D785CB6B8A9}.AppStore|x64.ActiveCfg = Debug|Any CPU
		{E91DD191-F97B-4808-AE25-0D785CB6B8A9}.AppStore|x64.Build.0 = Debug|Any CPU
		{E91DD191-F97B-4808-AE25-0D785CB6B8A9}.AppStore|x64.Deploy.0 = Debug|Any CPU
		{E91DD191-F97B-4808-AE25-0D785CB6B8A9}.AppStore|x86.ActiveCfg = Debug|Any CPU
		{E91DD191-F97B-4808-AE25-0D785CB6B8A9}.AppStore|x86.Build.0 = Debug|Any CPU
		{E91DD191-F97B-4808-AE25-0D785CB6B8A9}.AppStore|x86.Deploy.0 = Debug|Any CPU
		{E91DD191-F97B-4808-AE25-0D785CB6B8A9}.Debug|Any CPU.ActiveCfg = Debug|Any CPU
		{E91DD191-F97B-4808-AE25-0D785CB6B8A9}.Debug|Any CPU.Build.0 = Debug|Any CPU
		{E91DD191-F97B-4808-AE25-0D785CB6B8A9}.Debug|Any CPU.Deploy.0 = Debug|Any CPU
		{E91DD191-F97B-4808-AE25-0D785CB6B8A9}.Debug|ARM.ActiveCfg = Debug|Any CPU
		{E91DD191-F97B-4808-AE25-0D785CB6B8A9}.Debug|ARM.Build.0 = Debug|Any CPU
		{E91DD191-F97B-4808-AE25-0D785CB6B8A9}.Debug|ARM.Deploy.0 = Debug|Any CPU
		{E91DD191-F97B-4808-AE25-0D785CB6B8A9}.Debug|iPhone.ActiveCfg = Debug|Any CPU
		{E91DD191-F97B-4808-AE25-0D785CB6B8A9}.Debug|iPhone.Build.0 = Debug|Any CPU
		{E91DD191-F97B-4808-AE25-0D785CB6B8A9}.Debug|iPhone.Deploy.0 = Debug|Any CPU
		{E91DD191-F97B-4808-AE25-0D785CB6B8A9}.Debug|iPhoneSimulator.ActiveCfg = Debug|Any CPU
		{E91DD191-F97B-4808-AE25-0D785CB6B8A9}.Debug|iPhoneSimulator.Build.0 = Debug|Any CPU
		{E91DD191-F97B-4808-AE25-0D785CB6B8A9}.Debug|iPhoneSimulator.Deploy.0 = Debug|Any CPU
		{E91DD191-F97B-4808-AE25-0D785CB6B8A9}.Debug|x64.ActiveCfg = Debug|Any CPU
		{E91DD191-F97B-4808-AE25-0D785CB6B8A9}.Debug|x64.Build.0 = Debug|Any CPU
		{E91DD191-F97B-4808-AE25-0D785CB6B8A9}.Debug|x64.Deploy.0 = Debug|Any CPU
		{E91DD191-F97B-4808-AE25-0D785CB6B8A9}.Debug|x86.ActiveCfg = Debug|Any CPU
		{E91DD191-F97B-4808-AE25-0D785CB6B8A9}.Debug|x86.Build.0 = Debug|Any CPU
		{E91DD191-F97B-4808-AE25-0D785CB6B8A9}.Debug|x86.Deploy.0 = Debug|Any CPU
		{E91DD191-F97B-4808-AE25-0D785CB6B8A9}.Release|Any CPU.ActiveCfg = Release|Any CPU
		{E91DD191-F97B-4808-AE25-0D785CB6B8A9}.Release|Any CPU.Build.0 = Release|Any CPU
		{E91DD191-F97B-4808-AE25-0D785CB6B8A9}.Release|Any CPU.Deploy.0 = Release|Any CPU
		{E91DD191-F97B-4808-AE25-0D785CB6B8A9}.Release|ARM.ActiveCfg = Release|Any CPU
		{E91DD191-F97B-4808-AE25-0D785CB6B8A9}.Release|ARM.Build.0 = Release|Any CPU
		{E91DD191-F97B-4808-AE25-0D785CB6B8A9}.Release|ARM.Deploy.0 = Release|Any CPU
		{E91DD191-F97B-4808-AE25-0D785CB6B8A9}.Release|iPhone.ActiveCfg = Release|Any CPU
		{E91DD191-F97B-4808-AE25-0D785CB6B8A9}.Release|iPhone.Build.0 = Release|Any CPU
		{E91DD191-F97B-4808-AE25-0D785CB6B8A9}.Release|iPhone.Deploy.0 = Release|Any CPU
		{E91DD191-F97B-4808-AE25-0D785CB6B8A9}.Release|iPhoneSimulator.ActiveCfg = Release|Any CPU
		{E91DD191-F97B-4808-AE25-0D785CB6B8A9}.Release|iPhoneSimulator.Build.0 = Release|Any CPU
		{E91DD191-F97B-4808-AE25-0D785CB6B8A9}.Release|iPhoneSimulator.Deploy.0 = Release|Any CPU
		{E91DD191-F97B-4808-AE25-0D785CB6B8A9}.Release|x64.ActiveCfg = Release|Any CPU
		{E91DD191-F97B-4808-AE25-0D785CB6B8A9}.Release|x64.Build.0 = Release|Any CPU
		{E91DD191-F97B-4808-AE25-0D785CB6B8A9}.Release|x64.Deploy.0 = Release|Any CPU
		{E91DD191-F97B-4808-AE25-0D785CB6B8A9}.Release|x86.ActiveCfg = Release|Any CPU
		{E91DD191-F97B-4808-AE25-0D785CB6B8A9}.Release|x86.Build.0 = Release|Any CPU
		{E91DD191-F97B-4808-AE25-0D785CB6B8A9}.Release|x86.Deploy.0 = Release|Any CPU
	EndGlobalSection
	GlobalSection(SolutionProperties) = preSolution
		HideSolutionNode = FALSE
	EndGlobalSection
	GlobalSection(ExtensibilityGlobals) = postSolution
		SolutionGuid = {E26A955F-C1B1-4E3B-B08B-C61BC602D972}
	EndGlobalSection
EndGlobal
